
Microsoft Visual Studio Solution File, Format Version 12.00
# Visual Studio Version 17
VisualStudioVersion = 17.14.36414.22 d17.14
MinimumVisualStudioVersion = 10.0.40219.1
Project("{FAE04EC0-301F-11D3-BF4B-00C04F79EFBC}") = "SampleDI", "SampleDI.csproj", "{6DE046D6-221F-4EBD-905A-29E043BDFD22}"
EndProject
Global
	GlobalSection(SolutionConfigurationPlatforms) = preSolution
		Debug|Any CPU = Debug|Any CPU
		Release|Any CPU = Release|Any CPU
	EndGlobalSection
	GlobalSection(ProjectConfigurationPlatforms) = postSolution
		{6DE046D6-221F-4EBD-905A-29E043BDFD22}.Debug|Any CPU.ActiveCfg = Debug|Any CPU
		{6DE046D6-221F-4EBD-905A-29E043BDFD22}.Debug|Any CPU.Build.0 = Debug|Any CPU
		{6DE046D6-221F-4EBD-905A-29E043BDFD22}.Release|Any CPU.ActiveCfg = Release|Any CPU
		{6DE046D6-221F-4EBD-905A-29E043BDFD22}.Release|Any CPU.Build.0 = Release|Any CPU
	EndGlobalSection
	GlobalSection(SolutionProperties) = preSolution
		HideSolutionNode = FALSE
	EndGlobalSection
	GlobalSection(ExtensibilityGlobals) = postSolution
		SolutionGuid = {76DA6488-F71F-4E9E-9AE8-802640F87F13}
	EndGlobalSection
EndGlobal
